// !$*UTF8*$!
{
	archiveVersion = 1;
	classes = {
	};
	objectVersion = 46;
	objects = {

/* Begin PBXBuildFile section */
		B3DF16D71B68ADA7006B4F28 /* main.m in Sources */ = {isa = PBXBuildFile; fileRef = B3DF16D61B68ADA7006B4F28 /* main.m */; };
		B3DF16DA1B68ADA7006B4F28 /* AppDelegate.m in Sources */ = {isa = PBXBuildFile; fileRef = B3DF16D91B68ADA7006B4F28 /* AppDelegate.m */; };
		B3DF16DD1B68ADA7006B4F28 /* ViewController.m in Sources */ = {isa = PBXBuildFile; fileRef = B3DF16DC1B68ADA7006B4F28 /* ViewController.m */; };
		B3DF16E01B68ADA7006B4F28 /* Main.storyboard in Resources */ = {isa = PBXBuildFile; fileRef = B3DF16DE1B68ADA7006B4F28 /* Main.storyboard */; };
		B3DF16E21B68ADA7006B4F28 /* Images.xcassets in Resources */ = {isa = PBXBuildFile; fileRef = B3DF16E11B68ADA7006B4F28 /* Images.xcassets */; };
		B3DF16E51B68ADA7006B4F28 /* LaunchScreen.xib in Resources */ = {isa = PBXBuildFile; fileRef = B3DF16E31B68ADA7006B4F28 /* LaunchScreen.xib */; };
		B3DF16F11B68ADA8006B4F28 /* LCWebViewControllerDemoTests.m in Sources */ = {isa = PBXBuildFile; fileRef = B3DF16F01B68ADA8006B4F28 /* LCWebViewControllerDemoTests.m */; };
		B3DF16FD1B68AF8A006B4F28 /* LCWebViewController.m in Sources */ = {isa = PBXBuildFile; fileRef = B3DF16FC1B68AF8A006B4F28 /* LCWebViewController.m */; };
/* End PBXBuildFile section */

/* Begin PBXContainerItemProxy section */
		B3DF16EB1B68ADA8006B4F28 /* PBXContainerItemProxy */ = {
			isa = PBXContainerItemProxy;
			containerPortal = B3DF16C91B68ADA7006B4F28 /* Project object */;
			proxyType = 1;
			remoteGlobalIDString = B3DF16D01B68ADA7006B4F28;
			remoteInfo = LCWebViewControllerDemo;
		};
/* End PBXContainerItemProxy section */

/* Begin PBXFileReference section */
		B3DF16D11B68ADA7006B4F28 /* LCWebViewControllerDemo.app */ = {isa = PBXFileReference; explicitFileType = wrapper.application; includeInIndex = 0; path = LCWebViewControllerDemo.app; sourceTree = BUILT_PRODUCTS_DIR; };
		B3DF16D51B68ADA7006B4F28 /* Info.plist */ = {isa = PBXFileReference; lastKnownFileType = text.plist.xml; path = Info.plist; sourceTree = "<group>"; };
		B3DF16D61B68ADA7006B4F28 /* main.m */ = {isa = PBXFileReference; lastKnownFileType = sourcecode.c.objc; path = main.m; sourceTree = "<group>"; };
		B3DF16D81B68ADA7006B4F28 /* AppDelegate.h */ = {isa = PBXFileReference; lastKnownFileType = sourcecode.c.h; path = AppDelegate.h; sourceTree = "<group>"; };
		B3DF16D91B68ADA7006B4F28 /* AppDelegate.m */ = {isa = PBXFileReference; lastKnownFileType = sourcecode.c.objc; path = AppDelegate.m; sourceTree = "<group>"; };
		B3DF16DB1B68ADA7006B4F28 /* ViewController.h */ = {isa = PBXFileReference; lastKnownFileType = sourcecode.c.h; path = ViewController.h; sourceTree = "<group>"; };
		B3DF16DC1B68ADA7006B4F28 /* ViewController.m */ = {isa = PBXFileReference; lastKnownFileType = sourcecode.c.objc; path = ViewController.m; sourceTree = "<group>"; };
		B3DF16DF1B68ADA7006B4F28 /* Base */ = {isa = PBXFileReference; lastKnownFileType = file.storyboard; name = Base; path = Base.lproj/Main.storyboard; sourceTree = "<group>"; };
		B3DF16E11B68ADA7006B4F28 /* Images.xcassets */ = {isa = PBXFileReference; lastKnownFileType = folder.assetcatalog; path = Images.xcassets; sourceTree = "<group>"; };
		B3DF16E41B68ADA7006B4F28 /* Base */ = {isa = PBXFileReference; lastKnownFileType = file.xib; name = Base; path = Base.lproj/LaunchScreen.xib; sourceTree = "<group>"; };
		B3DF16EA1B68ADA8006B4F28 /* LCWebViewControllerDemoTests.xctest */ = {isa = PBXFileReference; explicitFileType = wrapper.cfbundle; includeInIndex = 0; path = LCWebViewControllerDemoTests.xctest; sourceTree = BUILT_PRODUCTS_DIR; };
		B3DF16EF1B68ADA8006B4F28 /* Info.plist */ = {isa = PBXFileReference; lastKnownFileType = text.plist.xml; path = Info.plist; sourceTree = "<group>"; };
		B3DF16F01B68ADA8006B4F28 /* LCWebViewControllerDemoTests.m */ = {isa = PBXFileReference; lastKnownFileType = sourcecode.c.objc; path = LCWebViewControllerDemoTests.m; sourceTree = "<group>"; };
		B3DF16FB1B68AF8A006B4F28 /* LCWebViewController.h */ = {isa = PBXFileReference; fileEncoding = 4; lastKnownFileType = sourcecode.c.h; path = LCWebViewController.h; sourceTree = "<group>"; };
		B3DF16FC1B68AF8A006B4F28 /* LCWebViewController.m */ = {isa = PBXFileReference; fileEncoding = 4; lastKnownFileType = sourcecode.c.objc; path = LCWebViewController.m; sourceTree = "<group>"; };
/* End PBXFileReference section */

/* Begin PBXFrameworksBuildPhase section */
		B3DF16CE1B68ADA7006B4F28 /* Frameworks */ = {
			isa = PBXFrameworksBuildPhase;
			buildActionMask = 2147483647;
			files = (
			);
			runOnlyForDeploymentPostprocessing = 0;
		};
		B3DF16E71B68ADA8006B4F28 /* Frameworks */ = {
			isa = PBXFrameworksBuildPhase;
			buildActionMask = 2147483647;
			files = (
			);
			runOnlyForDeploymentPostprocessing = 0;
		};
/* End PBXFrameworksBuildPhase section */

/* Begin PBXGroup section */
		B3DF16C81B68ADA7006B4F28 = {
			isa = PBXGroup;
			children = (
				B3DF16D31B68ADA7006B4F28 /* LCWebViewControllerDemo */,
				B3DF16ED1B68ADA8006B4F28 /* LCWebViewControllerDemoTests */,
				B3DF16D21B68ADA7006B4F28 /* Products */,
			);
			sourceTree = "<group>";
		};
		B3DF16D21B68ADA7006B4F28 /* Products */ = {
			isa = PBXGroup;
			children = (
				B3DF16D11B68ADA7006B4F28 /* LCWebViewControllerDemo.app */,
				B3DF16EA1B68ADA8006B4F28 /* LCWebViewControllerDemoTests.xctest */,
			);
			name = Products;
			sourceTree = "<group>";
		};
		B3DF16D31B68ADA7006B4F28 /* LCWebViewControllerDemo */ = {
			isa = PBXGroup;
			children = (
				B3DF16FA1B68ADAE006B4F28 /* LCWebViewController */,
				B3DF16D81B68ADA7006B4F28 /* AppDelegate.h */,
				B3DF16D91B68ADA7006B4F28 /* AppDelegate.m */,
				B3DF16DB1B68ADA7006B4F28 /* ViewController.h */,
				B3DF16DC1B68ADA7006B4F28 /* ViewController.m */,
				B3DF16DE1B68ADA7006B4F28 /* Main.storyboard */,
				B3DF16E11B68ADA7006B4F28 /* Images.xcassets */,
				B3DF16E31B68ADA7006B4F28 /* LaunchScreen.xib */,
				B3DF16D41B68ADA7006B4F28 /* Supporting Files */,
			);
			path = LCWebViewControllerDemo;
			sourceTree = "<group>";
		};
		B3DF16D41B68ADA7006B4F28 /* Supporting Files */ = {
			isa = PBXGroup;
			children = (
				B3DF16D51B68ADA7006B4F28 /* Info.plist */,
				B3DF16D61B68ADA7006B4F28 /* main.m */,
			);
			name = "Supporting Files";
			sourceTree = "<group>";
		};
		B3DF16ED1B68ADA8006B4F28 /* LCWebViewControllerDemoTests */ = {
			isa = PBXGroup;
			children = (
				B3DF16F01B68ADA8006B4F28 /* LCWebViewControllerDemoTests.m */,
				B3DF16EE1B68ADA8006B4F28 /* Supporting Files */,
			);
			path = LCWebViewControllerDemoTests;
			sourceTree = "<group>";
		};
		B3DF16EE1B68ADA8006B4F28 /* Supporting Files */ = {
			isa = PBXGroup;
			children = (
				B3DF16EF1B68ADA8006B4F28 /* Info.plist */,
			);
			name = "Supporting Files";
			sourceTree = "<group>";
		};
		B3DF16FA1B68ADAE006B4F28 /* LCWebViewController */ = {
			isa = PBXGroup;
			children = (
				B3DF16FB1B68AF8A006B4F28 /* LCWebViewController.h */,
				B3DF16FC1B68AF8A006B4F28 /* LCWebViewController.m */,
			);
			path = LCWebViewController;
			sourceTree = "<group>";
		};
/* End PBXGroup section */

/* Begin PBXNativeTarget section */
		B3DF16D01B68ADA7006B4F28 /* LCWebViewControllerDemo */ = {
			isa = PBXNativeTarget;
			buildConfigurationList = B3DF16F41B68ADA8006B4F28 /* Build configuration list for PBXNativeTarget "LCWebViewControllerDemo" */;
			buildPhases = (
				B3DF16CD1B68ADA7006B4F28 /* Sources */,
				B3DF16CE1B68ADA7006B4F28 /* Frameworks */,
				B3DF16CF1B68ADA7006B4F28 /* Resources */,
			);
			buildRules = (
			);
			dependencies = (
			);
			name = LCWebViewControllerDemo;
			productName = LCWebViewControllerDemo;
			productReference = B3DF16D11B68ADA7006B4F28 /* LCWebViewControllerDemo.app */;
			productType = "com.apple.product-type.application";
		};
		B3DF16E91B68ADA8006B4F28 /* LCWebViewControllerDemoTests */ = {
			isa = PBXNativeTarget;
			buildConfigurationList = B3DF16F71B68ADA8006B4F28 /* Build configuration list for PBXNativeTarget "LCWebViewControllerDemoTests" */;
			buildPhases = (
				B3DF16E61B68ADA8006B4F28 /* Sources */,
				B3DF16E71B68ADA8006B4F28 /* Frameworks */,
				B3DF16E81B68ADA8006B4F28 /* Resources */,
			);
			buildRules = (
			);
			dependencies = (
				B3DF16EC1B68ADA8006B4F28 /* PBXTargetDependency */,
			);
			name = LCWebViewControllerDemoTests;
			productName = LCWebViewControllerDemoTests;
			productReference = B3DF16EA1B68ADA8006B4F28 /* LCWebViewControllerDemoTests.xctest */;
			productType = "com.apple.product-type.bundle.unit-test";
		};
/* End PBXNativeTarget section */

/* Begin PBXProject section */
		B3DF16C91B68ADA7006B4F28 /* Project object */ = {
			isa = PBXProject;
			attributes = {
				LastUpgradeCheck = 0640;
				ORGANIZATIONNAME = Leo;
				TargetAttributes = {
					B3DF16D01B68ADA7006B4F28 = {
						CreatedOnToolsVersion = 6.4;
					};
					B3DF16E91B68ADA8006B4F28 = {
						CreatedOnToolsVersion = 6.4;
						TestTargetID = B3DF16D01B68ADA7006B4F28;
					};
				};
			};
			buildConfigurationList = B3DF16CC1B68ADA7006B4F28 /* Build configuration list for PBXProject "LCWebViewControllerDemo" */;
			compatibilityVersion = "Xcode 3.2";
			developmentRegion = English;
			hasScannedForEncodings = 0;
			knownRegions = (
				en,
				Base,
			);
			mainGroup = B3DF16C81B68ADA7006B4F28;
			productRefGroup = B3DF16D21B68ADA7006B4F28 /* Products */;
			projectDirPath = "";
			projectRoot = "";
			targets = (
				B3DF16D01B68ADA7006B4F28 /* LCWebViewControllerDemo */,
				B3DF16E91B68ADA8006B4F28 /* LCWebViewControllerDemoTests */,
			);
		};
/* End PBXProject section */

/* Begin PBXResourcesBuildPhase section */
		B3DF16CF1B68ADA7006B4F28 /* Resources */ = {
			isa = PBXResourcesBuildPhase;
			buildActionMask = 2147483647;
			files = (
				B3DF16E01B68ADA7006B4F28 /* Main.storyboard in Resources */,
				B3DF16E51B68ADA7006B4F28 /* LaunchScreen.xib in Resources */,
				B3DF16E21B68ADA7006B4F28 /* Images.xcassets in Resources */,
			);
			runOnlyForDeploymentPostprocessing = 0;
		};
		B3DF16E81B68ADA8006B4F28 /* Resources */ = {
			isa = PBXResourcesBuildPhase;
			buildActionMask = 2147483647;
			files = (
			);
			runOnlyForDeploymentPostprocessing = 0;
		};
/* End PBXResourcesBuildPhase section */

/* Begin PBXSourcesBuildPhase section */
		B3DF16CD1B68ADA7006B4F28 /* Sources */ = {
			isa = PBXSourcesBuildPhase;
			buildActionMask = 2147483647;
			files = (
				B3DF16FD1B68AF8A006B4F28 /* LCWebViewController.m in Sources */,
				B3DF16DD1B68ADA7006B4F28 /* ViewController.m in Sources */,
				B3DF16DA1B68ADA7006B4F28 /* AppDelegate.m in Sources */,
				B3DF16D71B68ADA7006B4F28 /* main.m in Sources */,
			);
			runOnlyForDeploymentPostprocessing = 0;
		};
		B3DF16E61B68ADA8006B4F28 /* Sources */ = {
			isa = PBXSourcesBuildPhase;
			buildActionMask = 2147483647;
			files = (
				B3DF16F11B68ADA8006B4F28 /* LCWebViewControllerDemoTests.m in Sources */,
			);
			runOnlyForDeploymentPostprocessing = 0;
		};
/* End PBXSourcesBuildPhase section */

/* Begin PBXTargetDependency section */
		B3DF16EC1B68ADA8006B4F28 /* PBXTargetDependency */ = {
			isa = PBXTargetDependency;
			target = B3DF16D01B68ADA7006B4F28 /* LCWebViewControllerDemo */;
			targetProxy = B3DF16EB1B68ADA8006B4F28 /* PBXContainerItemProxy */;
		};
/* End PBXTargetDependency section */

/* Begin PBXVariantGroup section */
		B3DF16DE1B68ADA7006B4F28 /* Main.storyboard */ = {
			isa = PBXVariantGroup;
			children = (
				B3DF16DF1B68ADA7006B4F28 /* Base */,
			);
			name = Main.storyboard;
			sourceTree = "<group>";
		};
		B3DF16E31B68ADA7006B4F28 /* LaunchScreen.xib */ = {
			isa = PBXVariantGroup;
			children = (
				B3DF16E41B68ADA7006B4F28 /* Base */,
			);
			name = LaunchScreen.xib;
			sourceTree = "<group>";
		};
/* End PBXVariantGroup section */

/* Begin XCBuildConfiguration section */
		B3DF16F21B68ADA8006B4F28 /* Debug */ = {
			isa = XCBuildConfiguration;
			buildSettings = {
				ALWAYS_SEARCH_USER_PATHS = NO;
				CLANG_CXX_LANGUAGE_STANDARD = "gnu++0x";
				CLANG_CXX_LIBRARY = "libc++";
				CLANG_ENABLE_MODULES = YES;
				CLANG_ENABLE_OBJC_ARC = YES;
				CLANG_WARN_BOOL_CONVERSION = YES;
				CLANG_WARN_CONSTANT_CONVERSION = YES;
				CLANG_WARN_DIRECT_OBJC_ISA_USAGE = YES_ERROR;
				CLANG_WARN_EMPTY_BODY = YES;
				CLANG_WARN_ENUM_CONVERSION = YES;
				CLANG_WARN_INT_CONVERSION = YES;
				CLANG_WARN_OBJC_ROOT_CLASS = YES_ERROR;
				CLANG_WARN_UNREACHABLE_CODE = YES;
				CLANG_WARN__DUPLICATE_METHOD_MATCH = YES;
				"CODE_SIGN_IDENTITY[sdk=iphoneos*]" = "iPhone Developer";
				COPY_PHASE_STRIP = NO;
				DEBUG_INFORMATION_FORMAT = "dwarf-with-dsym";
				ENABLE_STRICT_OBJC_MSGSEND = YES;
				GCC_C_LANGUAGE_STANDARD = gnu99;
				GCC_DYNAMIC_NO_PIC = NO;
				GCC_NO_COMMON_BLOCKS = YES;
				GCC_OPTIMIZATION_LEVEL = 0;
				GCC_PREPROCESSOR_DEFINITIONS = (
					"DEBUG=1",
					"$(inherited)",
				);
				GCC_SYMBOLS_PRIVATE_EXTERN = NO;
				GCC_WARN_64_TO_32_BIT_CONVERSION = YES;
				GCC_WARN_ABOUT_RETURN_TYPE = YES_ERROR;
				GCC_WARN_UNDECLARED_SELECTOR = YES;
				GCC_WARN_UNINITIALIZED_AUTOS = YES_AGGRESSIVE;
				GCC_WARN_UNUSED_FUNCTION = YES;
				GCC_WARN_UNUSED_VARIABLE = YES;
				IPHONEOS_DEPLOYMENT_TARGET = 8.4;
				MTL_ENABLE_DEBUG_INFO = YES;
				ONLY_ACTIVE_ARCH = YES;
				SDKROOT = iphoneos;
				TARGETED_DEVICE_FAMILY = "1,2";
			};
			name = Debug;
		};
		B3DF16F31B68ADA8006B4F28 /* Release */ = {
			isa = XCBuildConfiguration;
			buildSettings = {
				ALWAYS_SEARCH_USER_PATHS = NO;
				CLANG_CXX_LANGUAGE_STANDARD = "gnu++0x";
				CLANG_CXX_LIBRARY = "libc++";
				CLANG_ENABLE_MODULES = YES;
				CLANG_ENABLE_OBJC_ARC = YES;
				CLANG_WARN_BOOL_CONVERSION = YES;
				CLANG_WARN_CONSTANT_CONVERSION = YES;
				CLANG_WARN_DIRECT_OBJC_ISA_USAGE = YES_ERROR;
				CLANG_WARN_EMPTY_BODY = YES;
				CLANG_WARN_ENUM_CONVERSION = YES;
				CLANG_WARN_INT_CONVERSION = YES;
				CLANG_WARN_OBJC_ROOT_CLASS = YES_ERROR;
				CLANG_WARN_UNREACHABLE_CODE = YES;
				CLANG_WARN__DUPLICATE_METHOD_MATCH = YES;
				"CODE_SIGN_IDENTITY[sdk=iphoneos*]" = "iPhone Developer";
				COPY_PHASE_STRIP = NO;
				DEBUG_INFORMATION_FORMAT = "dwarf-with-dsym";
				ENABLE_NS_ASSERTIONS = NO;
				ENABLE_STRICT_OBJC_MSGSEND = YES;
				GCC_C_LANGUAGE_STANDARD = gnu99;
				GCC_NO_COMMON_BLOCKS = YES;
				GCC_WARN_64_TO_32_BIT_CONVERSION = YES;
				GCC_WARN_ABOUT_RETURN_TYPE = YES_ERROR;
				GCC_WARN_UNDECLARED_SELECTOR = YES;
				GCC_WARN_UNINITIALIZED_AUTOS = YES_AGGRESSIVE;
				GCC_WARN_UNUSED_FUNCTION = YES;
				GCC_WARN_UNUSED_VARIABLE = YES;
				IPHONEOS_DEPLOYMENT_TARGET = 8.4;
				MTL_ENABLE_DEBUG_INFO = NO;
				SDKROOT = iphoneos;
				TARGETED_DEVICE_FAMILY = "1,2";
				VALIDATE_PRODUCT = YES;
			};
			name = Release;
		};
		B3DF16F51B68ADA8006B4F28 /* Debug */ = {
			isa = XCBuildConfiguration;
			buildSettings = {
				ASSETCATALOG_COMPILER_APPICON_NAME = AppIcon;
				ASSETCATALOG_COMPILER_LAUNCHIMAGE_NAME = LaunchImage;
				INFOPLIST_FILE = LCWebViewControllerDemo/Info.plist;
				IPHONEOS_DEPLOYMENT_TARGET = 7.1;
				LD_RUNPATH_SEARCH_PATHS = "$(inherited) @executable_path/Frameworks";
				PRODUCT_NAME = "$(TARGET_NAME)";
			};
			name = Debug;
		};
		B3DF16F61B68ADA8006B4F28 /* Release */ = {
			isa = XCBuildConfiguration;
			buildSettings = {
				ASSETCATALOG_COMPILER_APPICON_NAME = AppIcon;
				ASSETCATALOG_COMPILER_LAUNCHIMAGE_NAME = LaunchImage;
				INFOPLIST_FILE = LCWebViewControllerDemo/Info.plist;
				IPHONEOS_DEPLOYMENT_TARGET = 7.1;
				LD_RUNPATH_SEARCH_PATHS = "$(inherited) @executable_path/Frameworks";
				PRODUCT_NAME = "$(TARGET_NAME)";
			};
			name = Release;
		};
		B3DF16F81B68ADA8006B4F28 /* Debug */ = {
			isa = XCBuildConfiguration;
			buildSettings = {
				BUNDLE_LOADER = "$(TEST_HOST)";
				FRAMEWORK_SEARCH_PATHS = (
					"$(SDKROOT)/Developer/Library/Frameworks",
					"$(inherited)",
				);
				GCC_PREPROCESSOR_DEFINITIONS = (
					"DEBUG=1",
					"$(inherited)",
				);
				INFOPLIST_FILE = LCWebViewControllerDemoTests/Info.plist;
				LD_RUNPATH_SEARCH_PATHS = "$(inherited) @executable_path/Frameworks @loader_path/Frameworks";
				PRODUCT_NAME = "$(TARGET_NAME)";
				TEST_HOST = "$(BUILT_PRODUCTS_DIR)/LCWebViewControllerDemo.app/LCWebViewControllerDemo";
			};
			name = Debug;
		};
		B3DF16F91B68ADA8006B4F28 /* Release */ = {
			isa = XCBuildConfiguration;
			buildSettings = {
				BUNDLE_LOADER = "$(TEST_HOST)";
				FRAMEWORK_SEARCH_PATHS = (
					"$(SDKROOT)/Developer/Library/Frameworks",
					"$(inherited)",
				);
				INFOPLIST_FILE = LCWebViewControllerDemoTests/Info.plist;
				LD_RUNPATH_SEARCH_PATHS = "$(inherited) @executable_path/Frameworks @loader_path/Frameworks";
				PRODUCT_NAME = "$(TARGET_NAME)";
				TEST_HOST = "$(BUILT_PRODUCTS_DIR)/LCWebViewControllerDemo.app/LCWebViewControllerDemo";
			};
			name = Release;
		};
/* End XCBuildConfiguration section */

/* Begin XCConfigurationList section */
		B3DF16CC1B68ADA7006B4F28 /* Build configuration list for PBXProject "LCWebViewControllerDemo" */ = {
			isa = XCConfigurationList;
			buildConfigurations = (
				B3DF16F21B68ADA8006B4F28 /* Debug */,
				B3DF16F31B68ADA8006B4F28 /* Release */,
			);
			defaultConfigurationIsVisible = 0;
			defaultConfigurationName = Release;
		};
		B3DF16F41B68ADA8006B4F28 /* Build configuration list for PBXNativeTarget "LCWebViewControllerDemo" */ = {
			isa = XCConfigurationList;
			buildConfigurations = (
				B3DF16F51B68ADA8006B4F28 /* Debug */,
				B3DF16F61B68ADA8006B4F28 /* Release */,
			);
			defaultConfigurationIsVisible = 0;
			defaultConfigurationName = Release;
		};
		B3DF16F71B68ADA8006B4F28 /* Build configuration list for PBXNativeTarget "LCWebViewControllerDemoTests" */ = {
			isa = XCConfigurationList;
			buildConfigurations = (
				B3DF16F81B68ADA8006B4F28 /* Debug */,
				B3DF16F91B68ADA8006B4F28 /* Release */,
			);
			defaultConfigurationIsVisible = 0;
			defaultConfigurationName = Release;
		};
/* End XCConfigurationList section */
	};
	rootObject = B3DF16C91B68ADA7006B4F28 /* Project object */;
}
